// !$*UTF8*$!
{
	archiveVersion = 1;
	classes = {
	};
	objectVersion = 50;
	objects = {

/* Begin PBXBuildFile section */
		506150C623C3B6CA0044674F /* AppDelegate.swift in Sources */ = {isa = PBXBuildFile; fileRef = 506150C523C3B6CA0044674F /* AppDelegate.swift */; };
		506150C823C3B6CA0044674F /* SceneDelegate.swift in Sources */ = {isa = PBXBuildFile; fileRef = 506150C723C3B6CA0044674F /* SceneDelegate.swift */; };
		506150CA23C3B6CA0044674F /* ContentView.swift in Sources */ = {isa = PBXBuildFile; fileRef = 506150C923C3B6CA0044674F /* ContentView.swift */; };
		506150CC23C3B6CB0044674F /* Assets.xcassets in Resources */ = {isa = PBXBuildFile; fileRef = 506150CB23C3B6CB0044674F /* Assets.xcassets */; };
		506150CF23C3B6CB0044674F /* Preview Assets.xcassets in Resources */ = {isa = PBXBuildFile; fileRef = 506150CE23C3B6CB0044674F /* Preview Assets.xcassets */; };
		506150D223C3B6CB0044674F /* LaunchScreen.storyboard in Resources */ = {isa = PBXBuildFile; fileRef = 506150D023C3B6CB0044674F /* LaunchScreen.storyboard */; };
/* End PBXBuildFile section */

/* Begin PBXFileReference section */
		506150C223C3B6CA0044674F /* AGF Catalogus.app */ = {isa = PBXFileReference; explicitFileType = wrapper.application; includeInIndex = 0; path = "AGF Catalogus.app"; sourceTree = BUILT_PRODUCTS_DIR; };
		506150C523C3B6CA0044674F /* AppDelegate.swift */ = {isa = PBXFileReference; lastKnownFileType = sourcecode.swift; path = AppDelegate.swift; sourceTree = "<group>"; };
		506150C723C3B6CA0044674F /* SceneDelegate.swift */ = {isa = PBXFileReference; lastKnownFileType = sourcecode.swift; path = SceneDelegate.swift; sourceTree = "<group>"; };
		506150C923C3B6CA0044674F /* ContentView.swift */ = {isa = PBXFileReference; lastKnownFileType = sourcecode.swift; path = ContentView.swift; sourceTree = "<group>"; };
		506150CB23C3B6CB0044674F /* Assets.xcassets */ = {isa = PBXFileReference; lastKnownFileType = folder.assetcatalog; path = Assets.xcassets; sourceTree = "<group>"; };
		506150CE23C3B6CB0044674F /* Preview Assets.xcassets */ = {isa = PBXFileReference; lastKnownFileType = folder.assetcatalog; path = "Preview Assets.xcassets"; sourceTree = "<group>"; };
		506150D123C3B6CB0044674F /* Base */ = {isa = PBXFileReference; lastKnownFileType = file.storyboard; name = Base; path = Base.lproj/LaunchScreen.storyboard; sourceTree = "<group>"; };
		506150D323C3B6CB0044674F /* Info.plist */ = {isa = PBXFileReference; lastKnownFileType = text.plist.xml; path = Info.plist; sourceTree = "<group>"; };
/* End PBXFileReference section */

/* Begin PBXFrameworksBuildPhase section */
		506150BF23C3B6CA0044674F /* Frameworks */ = {
			isa = PBXFrameworksBuildPhase;
			buildActionMask = 2147483647;
			files = (
			);
			runOnlyForDeploymentPostprocessing = 0;
		};
/* End PBXFrameworksBuildPhase section */

/* Begin PBXGroup section */
		506150B923C3B6CA0044674F = {
			isa = PBXGroup;
			children = (
				506150C423C3B6CA0044674F /* AGF Catalogus */,
				506150C323C3B6CA0044674F /* Products */,
			);
			sourceTree = "<group>";
		};
		506150C323C3B6CA0044674F /* Products */ = {
			isa = PBXGroup;
			children = (
				506150C223C3B6CA0044674F /* AGF Catalogus.app */,
			);
			name = Products;
			sourceTree = "<group>";
		};
		506150C423C3B6CA0044674F /* AGF Catalogus */ = {
			isa = PBXGroup;
			children = (
				506150C523C3B6CA0044674F /* AppDelegate.swift */,
				506150C723C3B6CA0044674F /* SceneDelegate.swift */,
				506150C923C3B6CA0044674F /* ContentView.swift */,
				506150CB23C3B6CB0044674F /* Assets.xcassets */,
				506150D023C3B6CB0044674F /* LaunchScreen.storyboard */,
				506150D323C3B6CB0044674F /* Info.plist */,
				506150CD23C3B6CB0044674F /* Preview Content */,
			);
			path = "AGF Catalogus";
			sourceTree = "<group>";
		};
		506150CD23C3B6CB0044674F /* Preview Content */ = {
			isa = PBXGroup;
			children = (
				506150CE23C3B6CB0044674F /* Preview Assets.xcassets */,
			);
			path = "Preview Content";
			sourceTree = "<group>";
		};
/* End PBXGroup section */

/* Begin PBXNativeTarget section */
		506150C123C3B6CA0044674F /* AGF Catalogus */ = {
			isa = PBXNativeTarget;
			buildConfigurationList = 506150D623C3B6CB0044674F /* Build configuration list for PBXNativeTarget "AGF Catalogus" */;
			buildPhases = (
				506150BE23C3B6CA0044674F /* Sources */,
				506150BF23C3B6CA0044674F /* Frameworks */,
				506150C023C3B6CA0044674F /* Resources */,
			);
			buildRules = (
			);
			dependencies = (
			);
			name = "AGF Catalogus";
			productName = "AGF Catalogus";
			productReference = 506150C223C3B6CA0044674F /* AGF Catalogus.app */;
			productType = "com.apple.product-type.application";
		};
/* End PBXNativeTarget section */

/* Begin PBXProject section */
		506150BA23C3B6CA0044674F /* Project object */ = {
			isa = PBXProject;
			attributes = {
				LastSwiftUpdateCheck = 1130;
				LastUpgradeCheck = 1130;
				ORGANIZATIONNAME = "Shaeme suister";
				TargetAttributes = {
					506150C123C3B6CA0044674F = {
						CreatedOnToolsVersion = 11.3;
					};
				};
			};
			buildConfigurationList = 506150BD23C3B6CA0044674F /* Build configuration list for PBXProject "AGF Catalogus" */;
			compatibilityVersion = "Xcode 9.3";
			developmentRegion = en;
			hasScannedForEncodings = 0;
			knownRegions = (
				en,
				Base,
			);
			mainGroup = 506150B923C3B6CA0044674F;
			productRefGroup = 506150C323C3B6CA0044674F /* Products */;
			projectDirPath = "";
			projectRoot = "";
			targets = (
				506150C123C3B6CA0044674F /* AGF Catalogus */,
			);
		};
/* End PBXProject section */

/* Begin PBXResourcesBuildPhase section */
		506150C023C3B6CA0044674F /* Resources */ = {
			isa = PBXResourcesBuildPhase;
			buildActionMask = 2147483647;
			files = (
				506150D223C3B6CB0044674F /* LaunchScreen.storyboard in Resources */,
				506150CF23C3B6CB0044674F /* Preview Assets.xcassets in Resources */,
				506150CC23C3B6CB0044674F /* Assets.xcassets in Resources */,
			);
			runOnlyForDeploymentPostprocessing = 0;
		};
/* End PBXResourcesBuildPhase section */

/* Begin PBXSourcesBuildPhase section */
		506150BE23C3B6CA0044674F /* Sources */ = {
			isa = PBXSourcesBuildPhase;
			buildActionMask = 2147483647;
			files = (
				506150C623C3B6CA0044674F /* AppDelegate.swift in Sources */,
				506150C823C3B6CA0044674F /* SceneDelegate.swift in Sources */,
				506150CA23C3B6CA0044674F /* ContentView.swift in Sources */,
			);
			runOnlyForDeploymentPostprocessing = 0;
		};
/* End PBXSourcesBuildPhase section */

/* Begin PBXVariantGroup section */
		506150D023C3B6CB0044674F /* LaunchScreen.storyboard */ = {
			isa = PBXVariantGroup;
			children = (
				506150D123C3B6CB0044674F /* Base */,
			);
			name = LaunchScreen.storyboard;
			sourceTree = "<group>";
		};
/* End PBXVariantGroup section */

/* Begin XCBuildConfiguration section */
		506150D423C3B6CB0044674F /* Debug */ = {
			isa = XCBuildConfiguration;
			buildSettings = {
				ALWAYS_SEARCH_USER_PATHS = NO;
				CLANG_ANALYZER_NONNULL = YES;
				CLANG_ANALYZER_NUMBER_OBJECT_CONVERSION = YES_AGGRESSIVE;
				CLANG_CXX_LANGUAGE_STANDARD = "gnu++14";
				CLANG_CXX_LIBRARY = "libc++";
				CLANG_ENABLE_MODULES = YES;
				CLANG_ENABLE_OBJC_ARC = YES;
				CLANG_ENABLE_OBJC_WEAK = YES;
				CLANG_WARN_BLOCK_CAPTURE_AUTORELEASING = YES;
				CLANG_WARN_BOOL_CONVERSION = YES;
				CLANG_WARN_COMMA = YES;
				CLANG_WARN_CONSTANT_CONVERSION = YES;
				CLANG_WARN_DEPRECATED_OBJC_IMPLEMENTATIONS = YES;
				CLANG_WARN_DIRECT_OBJC_ISA_USAGE = YES_ERROR;
				CLANG_WARN_DOCUMENTATION_COMMENTS = YES;
				CLANG_WARN_EMPTY_BODY = YES;
				CLANG_WARN_ENUM_CONVERSION = YES;
				CLANG_WARN_INFINITE_RECURSION = YES;
				CLANG_WARN_INT_CONVERSION = YES;
				CLANG_WARN_NON_LITERAL_NULL_CONVERSION = YES;
				CLANG_WARN_OBJC_IMPLICIT_RETAIN_SELF = YES;
				CLANG_WARN_OBJC_LITERAL_CONVERSION = YES;
				CLANG_WARN_OBJC_ROOT_CLASS = YES_ERROR;
				CLANG_WARN_RANGE_LOOP_ANALYSIS = YES;
				CLANG_WARN_STRICT_PROTOTYPES = YES;
				CLANG_WARN_SUSPICIOUS_MOVE = YES;
				CLANG_WARN_UNGUARDED_AVAILABILITY = YES_AGGRESSIVE;
				CLANG_WARN_UNREACHABLE_CODE = YES;
				CLANG_WARN__DUPLICATE_METHOD_MATCH = YES;
				COPY_PHASE_STRIP = NO;
				DEBUG_INFORMATION_FORMAT = dwarf;
				ENABLE_STRICT_OBJC_MSGSEND = YES;
				ENABLE_TESTABILITY = YES;
				GCC_C_LANGUAGE_STANDARD = gnu11;
				GCC_DYNAMIC_NO_PIC = NO;
				GCC_NO_COMMON_BLOCKS = YES;
				GCC_OPTIMIZATION_LEVEL = 0;
				GCC_PREPROCESSOR_DEFINITIONS = (
					"DEBUG=1",
					"$(inherited)",
				);
				GCC_WARN_64_TO_32_BIT_CONVERSION = YES;
				GCC_WARN_ABOUT_RETURN_TYPE = YES_ERROR;
				GCC_WARN_UNDECLARED_SELECTOR = YES;
				GCC_WARN_UNINITIALIZED_AUTOS = YES_AGGRESSIVE;
				GCC_WARN_UNUSED_FUNCTION = YES;
				GCC_WARN_UNUSED_VARIABLE = YES;
				IPHONEOS_DEPLOYMENT_TARGET = 13.2;
				MTL_ENABLE_DEBUG_INFO = INCLUDE_SOURCE;
				MTL_FAST_MATH = YES;
				ONLY_ACTIVE_ARCH = YES;
				SDKROOT = iphoneos;
				SWIFT_ACTIVE_COMPILATION_CONDITIONS = DEBUG;
				SWIFT_OPTIMIZATION_LEVEL = "-Onone";
			};
			name = Debug;
		};
		506150D523C3B6CB0044674F /* Release */ = {
			isa = XCBuildConfiguration;
			buildSettings = {
				ALWAYS_SEARCH_USER_PATHS = NO;
				CLANG_ANALYZER_NONNULL = YES;
				CLANG_ANALYZER_NUMBER_OBJECT_CONVERSION = YES_AGGRESSIVE;
				CLANG_CXX_LANGUAGE_STANDARD = "gnu++14";
				CLANG_CXX_LIBRARY = "libc++";
				CLANG_ENABLE_MODULES = YES;
				CLANG_ENABLE_OBJC_ARC = YES;
				CLANG_ENABLE_OBJC_WEAK = YES;
				CLANG_WARN_BLOCK_CAPTURE_AUTORELEASING = YES;
				CLANG_WARN_BOOL_CONVERSION = YES;
				CLANG_WARN_COMMA = YES;
				CLANG_WARN_CONSTANT_CONVERSION = YES;
				CLANG_WARN_DEPRECATED_OBJC_IMPLEMENTATIONS = YES;
				CLANG_WARN_DIRECT_OBJC_ISA_USAGE = YES_ERROR;
				CLANG_WARN_DOCUMENTATION_COMMENTS = YES;
				CLANG_WARN_EMPTY_BODY = YES;
				CLANG_WARN_ENUM_CONVERSION = YES;
				CLANG_WARN_INFINITE_RECURSION = YES;
				CLANG_WARN_INT_CONVERSION = YES;
				CLANG_WARN_NON_LITERAL_NULL_CONVERSION = YES;
				CLANG_WARN_OBJC_IMPLICIT_RETAIN_SELF = YES;
				CLANG_WARN_OBJC_LITERAL_CONVERSION = YES;
				CLANG_WARN_OBJC_ROOT_CLASS = YES_ERROR;
				CLANG_WARN_RANGE_LOOP_ANALYSIS = YES;
				CLANG_WARN_STRICT_PROTOTYPES = YES;
				CLANG_WARN_SUSPICIOUS_MOVE = YES;
				CLANG_WARN_UNGUARDED_AVAILABILITY = YES_AGGRESSIVE;
				CLANG_WARN_UNREACHABLE_CODE = YES;
				CLANG_WARN__DUPLICATE_METHOD_MATCH = YES;
				COPY_PHASE_STRIP = NO;
				DEBUG_INFORMATION_FORMAT = "dwarf-with-dsym";
				ENABLE_NS_ASSERTIONS = NO;
				ENABLE_STRICT_OBJC_MSGSEND = YES;
				GCC_C_LANGUAGE_STANDARD = gnu11;
				GCC_NO_COMMON_BLOCKS = YES;
				GCC_WARN_64_TO_32_BIT_CONVERSION = YES;
				GCC_WARN_ABOUT_RETURN_TYPE = YES_ERROR;
				GCC_WARN_UNDECLARED_SELECTOR = YES;
				GCC_WARN_UNINITIALIZED_AUTOS = YES_AGGRESSIVE;
				GCC_WARN_UNUSED_FUNCTION = YES;
				GCC_WARN_UNUSED_VARIABLE = YES;
				IPHONEOS_DEPLOYMENT_TARGET = 13.2;
				MTL_ENABLE_DEBUG_INFO = NO;
				MTL_FAST_MATH = YES;
				SDKROOT = iphoneos;
				SWIFT_COMPILATION_MODE = wholemodule;
				SWIFT_OPTIMIZATION_LEVEL = "-O";
				VALIDATE_PRODUCT = YES;
			};
			name = Release;
		};
		506150D723C3B6CB0044674F /* Debug */ = {
			isa = XCBuildConfiguration;
			buildSettings = {
				ASSETCATALOG_COMPILER_APPICON_NAME = AppIcon;
				CODE_SIGN_STYLE = Automatic;
				DEVELOPMENT_ASSET_PATHS = "\"AGF Catalogus/Preview Content\"";
				DEVELOPMENT_TEAM = 82HST9AZ72;
				ENABLE_PREVIEWS = YES;
				INFOPLIST_FILE = "AGF Catalogus/Info.plist";
				LD_RUNPATH_SEARCH_PATHS = (
					"$(inherited)",
					"@executable_path/Frameworks",
				);
				PRODUCT_BUNDLE_IDENTIFIER = "com.shaonie.AGF-Catalogus";
				PRODUCT_NAME = "$(TARGET_NAME)";
				SWIFT_VERSION = 5.0;
				TARGETED_DEVICE_FAMILY = "1,2";
			};
			name = Debug;
		};
		506150D823C3B6CB0044674F /* Release */ = {
			isa = XCBuildConfiguration;
			buildSettings = {
				ASSETCATALOG_COMPILER_APPICON_NAME = AppIcon;
				CODE_SIGN_STYLE = Automatic;
				DEVELOPMENT_ASSET_PATHS = "\"AGF Catalogus/Preview Content\"";
				DEVELOPMENT_TEAM = 82HST9AZ72;
				ENABLE_PREVIEWS = YES;
				INFOPLIST_FILE = "AGF Catalogus/Info.plist";
				LD_RUNPATH_SEARCH_PATHS = (
					"$(inherited)",
					"@executable_path/Frameworks",
				);
				PRODUCT_BUNDLE_IDENTIFIER = "com.shaonie.AGF-Catalogus";
				PRODUCT_NAME = "$(TARGET_NAME)";
				SWIFT_VERSION = 5.0;
				TARGETED_DEVICE_FAMILY = "1,2";
			};
			name = Release;
		};
/* End XCBuildConfiguration section */

/* Begin XCConfigurationList section */
		506150BD23C3B6CA0044674F /* Build configuration list for PBXProject "AGF Catalogus" */ = {
			isa = XCConfigurationList;
			buildConfigurations = (
				506150D423C3B6CB0044674F /* Debug */,
				506150D523C3B6CB0044674F /* Release */,
			);
			defaultConfigurationIsVisible = 0;
			defaultConfigurationName = Release;
		};
		506150D623C3B6CB0044674F /* Build configuration list for PBXNativeTarget "AGF Catalogus" */ = {
			isa = XCConfigurationList;
			buildConfigurations = (
				506150D723C3B6CB0044674F /* Debug */,
				506150D823C3B6CB0044674F /* Release */,
			);
			defaultConfigurationIsVisible = 0;
			defaultConfigurationName = Release;
		};
/* End XCConfigurationList section */
	};
	rootObject = 506150BA23C3B6CA0044674F /* Project object */;
}
